// !$*UTF8*$!
{
	archiveVersion = 1;
	classes = {
	};
	objectVersion = 46;
	objects = {

/* Begin PBXBuildFile section */
		13B07FC11A68108700A75B9A /* main.m in Sources */ = {isa = PBXBuildFile; fileRef = 13B07FB71A68108700A75B9A /* main.m */; };
		1F08008C2652619A00F0F6B0 /* OpinerOSpace1024.png in Resources */ = {isa = PBXBuildFile; fileRef = 1F0800892652619A00F0F6B0 /* OpinerOSpace1024.png */; };
		1F08008F2652627400F0F6B0 /* Images.xcassets in Resources */ = {isa = PBXBuildFile; fileRef = 13B07FB51A68108700A75B9A /* Images.xcassets */; };
		1F2E0CBD23FBA46800270B46 /* GoogleService-Info.plist in Resources */ = {isa = PBXBuildFile; fileRef = 1F2E0CBC23FBA46800270B46 /* GoogleService-Info.plist */; };
		1F60ED7C261341F000592D83 /* Opiner.swift in Sources */ = {isa = PBXBuildFile; fileRef = 1F60ED7B261341F000592D83 /* Opiner.swift */; };
		1F6CD652263175B20044C2A2 /* LaunchScreen.storyboard in Resources */ = {isa = PBXBuildFile; fileRef = 1F6CD64A263170510044C2A2 /* LaunchScreen.storyboard */; };
		1F6CD6B8263177020044C2A2 /* LaunchScreen.xib in Resources */ = {isa = PBXBuildFile; fileRef = 1F6CD6B6263177020044C2A2 /* LaunchScreen.xib */; };
		1FB763C72857278500F85846 /* AppDelegate.mm in Sources */ = {isa = PBXBuildFile; fileRef = 1FB763C62857278500F85846 /* AppDelegate.mm */; };
		1FD8ACA227FDF956003CB744 /* logo-v3.png in Resources */ = {isa = PBXBuildFile; fileRef = 1FD8ACA127FDF956003CB744 /* logo-v3.png */; };
		1FFC2BA6262EE03500998E71 /* SFMono-Bold.otf in Resources */ = {isa = PBXBuildFile; fileRef = 1FFC2B3F262EDFE700998E71 /* SFMono-Bold.otf */; };
		1FFC2BA7262EE03500998E71 /* SFMono-Medium.otf in Resources */ = {isa = PBXBuildFile; fileRef = 1FFC2B43262EDFE700998E71 /* SFMono-Medium.otf */; };
		1FFC2BA8262EE03500998E71 /* SFMono-Regular.otf in Resources */ = {isa = PBXBuildFile; fileRef = 1FFC2B3E262EDFE700998E71 /* SFMono-Regular.otf */; };
		1FFC2BA9262EE03500998E71 /* SFProDisplay-Bold.otf in Resources */ = {isa = PBXBuildFile; fileRef = 1FFC2B3C262EDFE700998E71 /* SFProDisplay-Bold.otf */; };
		1FFC2BAA262EE03500998E71 /* SFProDisplay-Heavy.otf in Resources */ = {isa = PBXBuildFile; fileRef = 1FFC2B40262EDFE700998E71 /* SFProDisplay-Heavy.otf */; };
		1FFC2BAB262EE03500998E71 /* SFProDisplay-Light.otf in Resources */ = {isa = PBXBuildFile; fileRef = 1FFC2B3D262EDFE700998E71 /* SFProDisplay-Light.otf */; };
		1FFC2BAC262EE03500998E71 /* SFProDisplay-Medium.otf in Resources */ = {isa = PBXBuildFile; fileRef = 1FFC2B42262EDFE700998E71 /* SFProDisplay-Medium.otf */; };
		1FFC2BAD262EE03500998E71 /* SFProDisplay-Regular.otf in Resources */ = {isa = PBXBuildFile; fileRef = 1FFC2B41262EDFE700998E71 /* SFProDisplay-Regular.otf */; };
		1FFC2C12262EE20000998E71 /* SFProDisplay-Semibold.otf in Resources */ = {isa = PBXBuildFile; fileRef = 1FFC2C11262EE1F000998E71 /* SFProDisplay-Semibold.otf */; };
		4763CB7F24893EA5006B41FF /* GoogleService-Info_dev.plist in Resources */ = {isa = PBXBuildFile; fileRef = 4763CB7D24893EA5006B41FF /* GoogleService-Info_dev.plist */; };
		4763CB8024893EA5006B41FF /* GoogleService-Info_prod.plist in Resources */ = {isa = PBXBuildFile; fileRef = 4763CB7E24893EA5006B41FF /* GoogleService-Info_prod.plist */; };
		7505BDF085B4C8D0AE9C62D5 /* libPods-Opiner.a in Frameworks */ = {isa = PBXBuildFile; fileRef = 12847376FB1196C155FD576C /* libPods-Opiner.a */; };
/* End PBXBuildFile section */

/* Begin PBXFileReference section */
		008F07F21AC5B25A0029DE68 /* main.jsbundle */ = {isa = PBXFileReference; fileEncoding = 4; lastKnownFileType = text; path = main.jsbundle; sourceTree = "<group>"; };
		00E356F11AD99517003FC87E /* Info.plist */ = {isa = PBXFileReference; lastKnownFileType = text.plist.xml; path = Info.plist; sourceTree = "<group>"; };
		00E356F21AD99517003FC87E /* OpinerTests.m */ = {isa = PBXFileReference; lastKnownFileType = sourcecode.c.objc; path = OpinerTests.m; sourceTree = "<group>"; };
		05058775A3734A3FAC5391BD /* Zocial.ttf */ = {isa = PBXFileReference; explicitFileType = undefined; fileEncoding = 9; includeInIndex = 0; lastKnownFileType = unknown; name = Zocial.ttf; path = "../node_modules/react-native-vector-icons/Fonts/Zocial.ttf"; sourceTree = "<group>"; };
		0A5AF6F97A464FB6A1282381 /* EvilIcons.ttf */ = {isa = PBXFileReference; explicitFileType = undefined; fileEncoding = 9; includeInIndex = 0; lastKnownFileType = unknown; name = EvilIcons.ttf; path = "../node_modules/react-native-vector-icons/Fonts/EvilIcons.ttf"; sourceTree = "<group>"; };
		12847376FB1196C155FD576C /* libPods-Opiner.a */ = {isa = PBXFileReference; explicitFileType = archive.ar; includeInIndex = 0; path = "libPods-Opiner.a"; sourceTree = BUILT_PRODUCTS_DIR; };
		13B07F961A680F5B00A75B9A /* Opiner.app */ = {isa = PBXFileReference; explicitFileType = wrapper.application; includeInIndex = 0; path = Opiner.app; sourceTree = BUILT_PRODUCTS_DIR; };
		13B07FAF1A68108700A75B9A /* AppDelegate.h */ = {isa = PBXFileReference; fileEncoding = 4; lastKnownFileType = sourcecode.c.h; name = AppDelegate.h; path = Opiner/AppDelegate.h; sourceTree = "<group>"; };
		13B07FB51A68108700A75B9A /* Images.xcassets */ = {isa = PBXFileReference; lastKnownFileType = folder.assetcatalog; name = Images.xcassets; path = Opiner/Images.xcassets; sourceTree = "<group>"; };
		13B07FB61A68108700A75B9A /* Info.plist */ = {isa = PBXFileReference; fileEncoding = 4; lastKnownFileType = text.plist.xml; name = Info.plist; path = Opiner/Info.plist; sourceTree = "<group>"; };
		13B07FB71A68108700A75B9A /* main.m */ = {isa = PBXFileReference; fileEncoding = 4; lastKnownFileType = sourcecode.c.objc; name = main.m; path = Opiner/main.m; sourceTree = "<group>"; };
		150ECAD12379577400C6AF87 /* OpinerRelease.entitlements */ = {isa = PBXFileReference; lastKnownFileType = text.plist.entitlements; name = OpinerRelease.entitlements; path = Opiner/OpinerRelease.entitlements; sourceTree = "<group>"; };
		150ECAD22379579000C6AF87 /* OpinerDebug.entitlements */ = {isa = PBXFileReference; lastKnownFileType = text.plist.entitlements; name = OpinerDebug.entitlements; path = Opiner/OpinerDebug.entitlements; sourceTree = "<group>"; };
		150ECAD5237959E300C6AF87 /* RNFirebase.podspec */ = {isa = PBXFileReference; fileEncoding = 4; lastKnownFileType = text; name = RNFirebase.podspec; path = "../node_modules/react-native-firebase/ios/RNFirebase.podspec"; sourceTree = "<group>"; xcLanguageSpecificationIdentifier = xcode.lang.ruby; };
		158519E723796B0200B30AC0 /* UserNotifications.framework */ = {isa = PBXFileReference; lastKnownFileType = wrapper.framework; name = UserNotifications.framework; path = System/Library/Frameworks/UserNotifications.framework; sourceTree = SDKROOT; };
		158519E923796B1500B30AC0 /* libRNFirebase.a */ = {isa = PBXFileReference; explicitFileType = archive.ar; path = libRNFirebase.a; sourceTree = BUILT_PRODUCTS_DIR; };
		1A9788766EC661E0DCB65A86 /* Pods-Opiner.release.xcconfig */ = {isa = PBXFileReference; includeInIndex = 1; lastKnownFileType = text.xcconfig; name = "Pods-Opiner.release.xcconfig"; path = "Target Support Files/Pods-Opiner/Pods-Opiner.release.xcconfig"; sourceTree = "<group>"; };
		1F0800892652619A00F0F6B0 /* OpinerOSpace1024.png */ = {isa = PBXFileReference; lastKnownFileType = image.png; path = OpinerOSpace1024.png; sourceTree = "<group>"; };
		1F2E0CBC23FBA46800270B46 /* GoogleService-Info.plist */ = {isa = PBXFileReference; fileEncoding = 4; lastKnownFileType = text.plist.xml; path = "GoogleService-Info.plist"; sourceTree = "<group>"; };
		1F60ED7A261341F000592D83 /* Opiner-Bridging-Header.h */ = {isa = PBXFileReference; lastKnownFileType = sourcecode.c.h; path = "Opiner-Bridging-Header.h"; sourceTree = "<group>"; };
		1F60ED7B261341F000592D83 /* Opiner.swift */ = {isa = PBXFileReference; lastKnownFileType = sourcecode.swift; path = Opiner.swift; sourceTree = "<group>"; };
		1F6CD64A263170510044C2A2 /* LaunchScreen.storyboard */ = {isa = PBXFileReference; lastKnownFileType = file.storyboard; path = LaunchScreen.storyboard; sourceTree = "<group>"; };
		1F6CD6B7263177020044C2A2 /* Base */ = {isa = PBXFileReference; lastKnownFileType = file.xib; name = Base; path = Opiner/Base.lproj/LaunchScreen.xib; sourceTree = "<group>"; };
		1FB763C62857278500F85846 /* AppDelegate.mm */ = {isa = PBXFileReference; fileEncoding = 4; lastKnownFileType = sourcecode.cpp.objcpp; name = AppDelegate.mm; path = Opiner/AppDelegate.mm; sourceTree = "<group>"; };
		1FBB94E524B85E2F00A3AA76 /* libCodePush.a */ = {isa = PBXFileReference; explicitFileType = archive.ar; path = libCodePush.a; sourceTree = BUILT_PRODUCTS_DIR; };
		1FD8ACA127FDF956003CB744 /* logo-v3.png */ = {isa = PBXFileReference; lastKnownFileType = image.png; path = "logo-v3.png"; sourceTree = "<group>"; };
		1FFC2B3C262EDFE700998E71 /* SFProDisplay-Bold.otf */ = {isa = PBXFileReference; lastKnownFileType = file; name = "SFProDisplay-Bold.otf"; path = "../src/assets/fonts/SFProDisplay-Bold.otf"; sourceTree = "<group>"; };
		1FFC2B3D262EDFE700998E71 /* SFProDisplay-Light.otf */ = {isa = PBXFileReference; lastKnownFileType = file; name = "SFProDisplay-Light.otf"; path = "../src/assets/fonts/SFProDisplay-Light.otf"; sourceTree = "<group>"; };
		1FFC2B3E262EDFE700998E71 /* SFMono-Regular.otf */ = {isa = PBXFileReference; lastKnownFileType = file; name = "SFMono-Regular.otf"; path = "../src/assets/fonts/SFMono-Regular.otf"; sourceTree = "<group>"; };
		1FFC2B3F262EDFE700998E71 /* SFMono-Bold.otf */ = {isa = PBXFileReference; lastKnownFileType = file; name = "SFMono-Bold.otf"; path = "../src/assets/fonts/SFMono-Bold.otf"; sourceTree = "<group>"; };
		1FFC2B40262EDFE700998E71 /* SFProDisplay-Heavy.otf */ = {isa = PBXFileReference; lastKnownFileType = file; name = "SFProDisplay-Heavy.otf"; path = "../src/assets/fonts/SFProDisplay-Heavy.otf"; sourceTree = "<group>"; };
		1FFC2B41262EDFE700998E71 /* SFProDisplay-Regular.otf */ = {isa = PBXFileReference; lastKnownFileType = file; name = "SFProDisplay-Regular.otf"; path = "../src/assets/fonts/SFProDisplay-Regular.otf"; sourceTree = "<group>"; };
		1FFC2B42262EDFE700998E71 /* SFProDisplay-Medium.otf */ = {isa = PBXFileReference; lastKnownFileType = file; name = "SFProDisplay-Medium.otf"; path = "../src/assets/fonts/SFProDisplay-Medium.otf"; sourceTree = "<group>"; };
		1FFC2B43262EDFE700998E71 /* SFMono-Medium.otf */ = {isa = PBXFileReference; lastKnownFileType = file; name = "SFMono-Medium.otf"; path = "../src/assets/fonts/SFMono-Medium.otf"; sourceTree = "<group>"; };
		1FFC2C11262EE1F000998E71 /* SFProDisplay-Semibold.otf */ = {isa = PBXFileReference; lastKnownFileType = file; name = "SFProDisplay-Semibold.otf"; path = "../src/assets/fonts/SFProDisplay-Semibold.otf"; sourceTree = "<group>"; };
		3CD467BD3D2E4A9182E331C9 /* FontAwesome.ttf */ = {isa = PBXFileReference; explicitFileType = undefined; fileEncoding = 9; includeInIndex = 0; lastKnownFileType = unknown; name = FontAwesome.ttf; path = "../node_modules/react-native-vector-icons/Fonts/FontAwesome.ttf"; sourceTree = "<group>"; };
		43816DECC3534248B2C45547 /* Ionicons.ttf */ = {isa = PBXFileReference; explicitFileType = undefined; fileEncoding = 9; includeInIndex = 0; lastKnownFileType = unknown; name = Ionicons.ttf; path = "../node_modules/react-native-vector-icons/Fonts/Ionicons.ttf"; sourceTree = "<group>"; };
		4763CB7D24893EA5006B41FF /* GoogleService-Info_dev.plist */ = {isa = PBXFileReference; fileEncoding = 4; lastKnownFileType = text.plist.xml; path = "GoogleService-Info_dev.plist"; sourceTree = "<group>"; };
		4763CB7E24893EA5006B41FF /* GoogleService-Info_prod.plist */ = {isa = PBXFileReference; fileEncoding = 4; lastKnownFileType = text.plist.xml; path = "GoogleService-Info_prod.plist"; sourceTree = "<group>"; };
		4AB6166BF20042B3B162FDB3 /* FontAwesome5_Solid.ttf */ = {isa = PBXFileReference; explicitFileType = undefined; fileEncoding = 9; includeInIndex = 0; lastKnownFileType = unknown; name = FontAwesome5_Solid.ttf; path = "../node_modules/react-native-vector-icons/Fonts/FontAwesome5_Solid.ttf"; sourceTree = "<group>"; };
		4C3B6FBD84C3461BBF9C661E /* MaterialCommunityIcons.ttf */ = {isa = PBXFileReference; explicitFileType = undefined; fileEncoding = 9; includeInIndex = 0; lastKnownFileType = unknown; name = MaterialCommunityIcons.ttf; path = "../node_modules/react-native-vector-icons/Fonts/MaterialCommunityIcons.ttf"; sourceTree = "<group>"; };
		595B0FF85E584E4FBC64F1CE /* Octicons.ttf */ = {isa = PBXFileReference; explicitFileType = undefined; fileEncoding = 9; includeInIndex = 0; lastKnownFileType = unknown; name = Octicons.ttf; path = "../node_modules/react-native-vector-icons/Fonts/Octicons.ttf"; sourceTree = "<group>"; };
		61ED20D3F71D41C793640236 /* Feather.ttf */ = {isa = PBXFileReference; explicitFileType = undefined; fileEncoding = 9; includeInIndex = 0; lastKnownFileType = unknown; name = Feather.ttf; path = "../node_modules/react-native-vector-icons/Fonts/Feather.ttf"; sourceTree = "<group>"; };
		7E4D5551D130476CA743B9D7 /* MaterialIcons.ttf */ = {isa = PBXFileReference; explicitFileType = undefined; fileEncoding = 9; includeInIndex = 0; lastKnownFileType = unknown; name = MaterialIcons.ttf; path = "../node_modules/react-native-vector-icons/Fonts/MaterialIcons.ttf"; sourceTree = "<group>"; };
		844897D595449B2D07DD3DF5 /* Pods-Opiner.debug.xcconfig */ = {isa = PBXFileReference; includeInIndex = 1; lastKnownFileType = text.xcconfig; name = "Pods-Opiner.debug.xcconfig"; path = "Target Support Files/Pods-Opiner/Pods-Opiner.debug.xcconfig"; sourceTree = "<group>"; };
		97C6516495EC493ABB6B610B /* FontAwesome5_Brands.ttf */ = {isa = PBXFileReference; explicitFileType = undefined; fileEncoding = 9; includeInIndex = 0; lastKnownFileType = unknown; name = FontAwesome5_Brands.ttf; path = "../node_modules/react-native-vector-icons/Fonts/FontAwesome5_Brands.ttf"; sourceTree = "<group>"; };
		9C0D564D233A3EF800046365 /* libReact-RCTAnimation.a */ = {isa = PBXFileReference; explicitFileType = archive.ar; path = "libReact-RCTAnimation.a"; sourceTree = BUILT_PRODUCTS_DIR; };
		9C0D564F233A400C00046365 /* libBVLinearGradient.a */ = {isa = PBXFileReference; explicitFileType = archive.ar; path = libBVLinearGradient.a; sourceTree = BUILT_PRODUCTS_DIR; };
		9C0D5650233A400C00046365 /* libDoubleConversion.a */ = {isa = PBXFileReference; explicitFileType = archive.ar; path = libDoubleConversion.a; sourceTree = BUILT_PRODUCTS_DIR; };
		9C0D5651233A400C00046365 /* libFolly.a */ = {isa = PBXFileReference; explicitFileType = archive.ar; path = libFolly.a; sourceTree = BUILT_PRODUCTS_DIR; };
		9C0D5652233A400C00046365 /* libglog.a */ = {isa = PBXFileReference; explicitFileType = archive.ar; path = libglog.a; sourceTree = BUILT_PRODUCTS_DIR; };
		9C0D5653233A400C00046365 /* liblibwebp.a */ = {isa = PBXFileReference; explicitFileType = archive.ar; path = liblibwebp.a; sourceTree = BUILT_PRODUCTS_DIR; };
		9C0D5655233A400C00046365 /* libReact-Core.a */ = {isa = PBXFileReference; explicitFileType = archive.ar; path = "libReact-Core.a"; sourceTree = BUILT_PRODUCTS_DIR; };
		9C0D5656233A400C00046365 /* libReact-cxxreact.a */ = {isa = PBXFileReference; explicitFileType = archive.ar; path = "libReact-cxxreact.a"; sourceTree = BUILT_PRODUCTS_DIR; };
		9C0D5657233A400C00046365 /* libReact-DevSupport.a */ = {isa = PBXFileReference; explicitFileType = archive.ar; path = "libReact-DevSupport.a"; sourceTree = BUILT_PRODUCTS_DIR; };
		9C0D5658233A400C00046365 /* libReact-jsi.a */ = {isa = PBXFileReference; explicitFileType = archive.ar; path = "libReact-jsi.a"; sourceTree = BUILT_PRODUCTS_DIR; };
		9C0D5659233A400C00046365 /* libReact-jsiexecutor.a */ = {isa = PBXFileReference; explicitFileType = archive.ar; path = "libReact-jsiexecutor.a"; sourceTree = BUILT_PRODUCTS_DIR; };
		9C0D565A233A400C00046365 /* libReact-jsinspector.a */ = {isa = PBXFileReference; explicitFileType = archive.ar; path = "libReact-jsinspector.a"; sourceTree = BUILT_PRODUCTS_DIR; };
		9C0D565B233A400C00046365 /* libreact-native-splash-screen.a */ = {isa = PBXFileReference; explicitFileType = archive.ar; path = "libreact-native-splash-screen.a"; sourceTree = BUILT_PRODUCTS_DIR; };
		9C0D565C233A400C00046365 /* libReact-RCTActionSheet.a */ = {isa = PBXFileReference; explicitFileType = archive.ar; path = "libReact-RCTActionSheet.a"; sourceTree = BUILT_PRODUCTS_DIR; };
		9C0D565D233A400C00046365 /* libReact-RCTAnimation.a */ = {isa = PBXFileReference; explicitFileType = archive.ar; path = "libReact-RCTAnimation.a"; sourceTree = BUILT_PRODUCTS_DIR; };
		9C0D565E233A400C00046365 /* libReact-RCTBlob.a */ = {isa = PBXFileReference; explicitFileType = archive.ar; path = "libReact-RCTBlob.a"; sourceTree = BUILT_PRODUCTS_DIR; };
		9C0D565F233A400C00046365 /* libReact-RCTImage.a */ = {isa = PBXFileReference; explicitFileType = archive.ar; path = "libReact-RCTImage.a"; sourceTree = BUILT_PRODUCTS_DIR; };
		9C0D5660233A400C00046365 /* libReact-RCTLinking.a */ = {isa = PBXFileReference; explicitFileType = archive.ar; path = "libReact-RCTLinking.a"; sourceTree = BUILT_PRODUCTS_DIR; };
		9C0D5661233A400C00046365 /* libReact-RCTNetwork.a */ = {isa = PBXFileReference; explicitFileType = archive.ar; path = "libReact-RCTNetwork.a"; sourceTree = BUILT_PRODUCTS_DIR; };
		9C0D5662233A400C00046365 /* libReact-RCTSettings.a */ = {isa = PBXFileReference; explicitFileType = archive.ar; path = "libReact-RCTSettings.a"; sourceTree = BUILT_PRODUCTS_DIR; };
		9C0D5663233A400C00046365 /* libReact-RCTText.a */ = {isa = PBXFileReference; explicitFileType = archive.ar; path = "libReact-RCTText.a"; sourceTree = BUILT_PRODUCTS_DIR; };
		9C0D5664233A400C00046365 /* libReact-RCTVibration.a */ = {isa = PBXFileReference; explicitFileType = archive.ar; path = "libReact-RCTVibration.a"; sourceTree = BUILT_PRODUCTS_DIR; };
		9C0D5665233A400C00046365 /* libReact-RCTWebSocket.a */ = {isa = PBXFileReference; explicitFileType = archive.ar; path = "libReact-RCTWebSocket.a"; sourceTree = BUILT_PRODUCTS_DIR; };
		9C0D5666233A400C00046365 /* libRNDeviceInfo.a */ = {isa = PBXFileReference; explicitFileType = archive.ar; path = libRNDeviceInfo.a; sourceTree = BUILT_PRODUCTS_DIR; };
		9C0D5667233A400C00046365 /* libRNFastImage.a */ = {isa = PBXFileReference; explicitFileType = archive.ar; path = libRNFastImage.a; sourceTree = BUILT_PRODUCTS_DIR; };
		9C0D5668233A400C00046365 /* libRNGestureHandler.a */ = {isa = PBXFileReference; explicitFileType = archive.ar; path = libRNGestureHandler.a; sourceTree = BUILT_PRODUCTS_DIR; };
		9C0D5669233A400C00046365 /* libRNLocalize.a */ = {isa = PBXFileReference; explicitFileType = archive.ar; path = libRNLocalize.a; sourceTree = BUILT_PRODUCTS_DIR; };
		9C0D566A233A400C00046365 /* libSDWebImage.a */ = {isa = PBXFileReference; explicitFileType = archive.ar; path = libSDWebImage.a; sourceTree = BUILT_PRODUCTS_DIR; };
		9C0D566B233A400C00046365 /* libSDWebImageWebPCoder.a */ = {isa = PBXFileReference; explicitFileType = archive.ar; path = libSDWebImageWebPCoder.a; sourceTree = BUILT_PRODUCTS_DIR; };
		9C0D566C233A400C00046365 /* libyoga.a */ = {isa = PBXFileReference; explicitFileType = archive.ar; path = libyoga.a; sourceTree = BUILT_PRODUCTS_DIR; };
		A9DF43CD7B03D010112AD0CF /* Pods-Opiner.staging.xcconfig */ = {isa = PBXFileReference; includeInIndex = 1; lastKnownFileType = text.xcconfig; name = "Pods-Opiner.staging.xcconfig"; path = "Target Support Files/Pods-Opiner/Pods-Opiner.staging.xcconfig"; sourceTree = "<group>"; };
		B7670003FB3843D990A03D0F /* Entypo.ttf */ = {isa = PBXFileReference; explicitFileType = undefined; fileEncoding = 9; includeInIndex = 0; lastKnownFileType = unknown; name = Entypo.ttf; path = "../node_modules/react-native-vector-icons/Fonts/Entypo.ttf"; sourceTree = "<group>"; };
		B8752E0AF4714D48A3A44089 /* FontAwesome5_Regular.ttf */ = {isa = PBXFileReference; explicitFileType = undefined; fileEncoding = 9; includeInIndex = 0; lastKnownFileType = unknown; name = FontAwesome5_Regular.ttf; path = "../node_modules/react-native-vector-icons/Fonts/FontAwesome5_Regular.ttf"; sourceTree = "<group>"; };
		C29CC0F081F458C832EF40F8 /* Pods-Opiner.beta.xcconfig */ = {isa = PBXFileReference; includeInIndex = 1; lastKnownFileType = text.xcconfig; name = "Pods-Opiner.beta.xcconfig"; path = "Target Support Files/Pods-Opiner/Pods-Opiner.beta.xcconfig"; sourceTree = "<group>"; };
		C6D2A8525A564184BE20320F /* Fontisto.ttf */ = {isa = PBXFileReference; explicitFileType = undefined; fileEncoding = 9; includeInIndex = 0; lastKnownFileType = unknown; name = Fontisto.ttf; path = "../node_modules/react-native-vector-icons/Fonts/Fontisto.ttf"; sourceTree = "<group>"; };
		CACA6A12ED58494FB14792DD /* Foundation.ttf */ = {isa = PBXFileReference; explicitFileType = undefined; fileEncoding = 9; includeInIndex = 0; lastKnownFileType = unknown; name = Foundation.ttf; path = "../node_modules/react-native-vector-icons/Fonts/Foundation.ttf"; sourceTree = "<group>"; };
		D916B8D94290454F8A638837 /* AntDesign.ttf */ = {isa = PBXFileReference; explicitFileType = undefined; fileEncoding = 9; includeInIndex = 0; lastKnownFileType = unknown; name = AntDesign.ttf; path = "../node_modules/react-native-vector-icons/Fonts/AntDesign.ttf"; sourceTree = "<group>"; };
		ED297162215061F000B7C4FE /* JavaScriptCore.framework */ = {isa = PBXFileReference; lastKnownFileType = wrapper.framework; name = JavaScriptCore.framework; path = System/Library/Frameworks/JavaScriptCore.framework; sourceTree = SDKROOT; };
		ED2971642150620600B7C4FE /* JavaScriptCore.framework */ = {isa = PBXFileReference; lastKnownFileType = wrapper.framework; name = JavaScriptCore.framework; path = Platforms/AppleTVOS.platform/Developer/SDKs/AppleTVOS12.0.sdk/System/Library/Frameworks/JavaScriptCore.framework; sourceTree = DEVELOPER_DIR; };
		FAE38CB19112424C9C47C968 /* SimpleLineIcons.ttf */ = {isa = PBXFileReference; explicitFileType = undefined; fileEncoding = 9; includeInIndex = 0; lastKnownFileType = unknown; name = SimpleLineIcons.ttf; path = "../node_modules/react-native-vector-icons/Fonts/SimpleLineIcons.ttf"; sourceTree = "<group>"; };
/* End PBXFileReference section */

/* Begin PBXFrameworksBuildPhase section */
		13B07F8C1A680F5B00A75B9A /* Frameworks */ = {
			isa = PBXFrameworksBuildPhase;
			buildActionMask = 2147483647;
			files = (
				7505BDF085B4C8D0AE9C62D5 /* libPods-Opiner.a in Frameworks */,
			);
			runOnlyForDeploymentPostprocessing = 0;
		};
/* End PBXFrameworksBuildPhase section */

/* Begin PBXGroup section */
		00E356EF1AD99517003FC87E /* OpinerTests */ = {
			isa = PBXGroup;
			children = (
				00E356F21AD99517003FC87E /* OpinerTests.m */,
				00E356F01AD99517003FC87E /* Supporting Files */,
			);
			path = OpinerTests;
			sourceTree = "<group>";
		};
		00E356F01AD99517003FC87E /* Supporting Files */ = {
			isa = PBXGroup;
			children = (
				00E356F11AD99517003FC87E /* Info.plist */,
			);
			name = "Supporting Files";
			sourceTree = "<group>";
		};
		13B07FAE1A68108700A75B9A /* Opiner */ = {
			isa = PBXGroup;
			children = (
				1FB763C62857278500F85846 /* AppDelegate.mm */,
				1F6CD6B6263177020044C2A2 /* LaunchScreen.xib */,
				1F60ED7B261341F000592D83 /* Opiner.swift */,
				1F0800892652619A00F0F6B0 /* OpinerOSpace1024.png */,
				1F2E0CBC23FBA46800270B46 /* GoogleService-Info.plist */,
				150ECAD22379579000C6AF87 /* OpinerDebug.entitlements */,
				150ECAD12379577400C6AF87 /* OpinerRelease.entitlements */,
				008F07F21AC5B25A0029DE68 /* main.jsbundle */,
				1FD8ACA127FDF956003CB744 /* logo-v3.png */,
				13B07FAF1A68108700A75B9A /* AppDelegate.h */,
				13B07FB51A68108700A75B9A /* Images.xcassets */,
				13B07FB61A68108700A75B9A /* Info.plist */,
				4763CB7D24893EA5006B41FF /* GoogleService-Info_dev.plist */,
				4763CB7E24893EA5006B41FF /* GoogleService-Info_prod.plist */,
				13B07FB71A68108700A75B9A /* main.m */,
				1F6CD64A263170510044C2A2 /* LaunchScreen.storyboard */,
			);
			name = Opiner;
			sourceTree = "<group>";
		};
		2D16E6871FA4F8E400B85C8A /* Frameworks */ = {
			isa = PBXGroup;
			children = (
				1FBB94E524B85E2F00A3AA76 /* libCodePush.a */,
				158519E923796B1500B30AC0 /* libRNFirebase.a */,
				158519E723796B0200B30AC0 /* UserNotifications.framework */,
				9C0D564F233A400C00046365 /* libBVLinearGradient.a */,
				9C0D5650233A400C00046365 /* libDoubleConversion.a */,
				9C0D5651233A400C00046365 /* libFolly.a */,
				9C0D5652233A400C00046365 /* libglog.a */,
				9C0D5653233A400C00046365 /* liblibwebp.a */,
				9C0D5655233A400C00046365 /* libReact-Core.a */,
				9C0D5656233A400C00046365 /* libReact-cxxreact.a */,
				9C0D5657233A400C00046365 /* libReact-DevSupport.a */,
				9C0D5658233A400C00046365 /* libReact-jsi.a */,
				9C0D5659233A400C00046365 /* libReact-jsiexecutor.a */,
				9C0D565A233A400C00046365 /* libReact-jsinspector.a */,
				9C0D565B233A400C00046365 /* libreact-native-splash-screen.a */,
				9C0D565C233A400C00046365 /* libReact-RCTActionSheet.a */,
				9C0D565D233A400C00046365 /* libReact-RCTAnimation.a */,
				9C0D565E233A400C00046365 /* libReact-RCTBlob.a */,
				9C0D565F233A400C00046365 /* libReact-RCTImage.a */,
				9C0D5660233A400C00046365 /* libReact-RCTLinking.a */,
				9C0D5661233A400C00046365 /* libReact-RCTNetwork.a */,
				9C0D5662233A400C00046365 /* libReact-RCTSettings.a */,
				9C0D5663233A400C00046365 /* libReact-RCTText.a */,
				9C0D5664233A400C00046365 /* libReact-RCTVibration.a */,
				9C0D5665233A400C00046365 /* libReact-RCTWebSocket.a */,
				9C0D5666233A400C00046365 /* libRNDeviceInfo.a */,
				9C0D5667233A400C00046365 /* libRNFastImage.a */,
				9C0D5668233A400C00046365 /* libRNGestureHandler.a */,
				9C0D5669233A400C00046365 /* libRNLocalize.a */,
				9C0D566A233A400C00046365 /* libSDWebImage.a */,
				9C0D566B233A400C00046365 /* libSDWebImageWebPCoder.a */,
				9C0D566C233A400C00046365 /* libyoga.a */,
				9C0D564D233A3EF800046365 /* libReact-RCTAnimation.a */,
				ED297162215061F000B7C4FE /* JavaScriptCore.framework */,
				ED2971642150620600B7C4FE /* JavaScriptCore.framework */,
				12847376FB1196C155FD576C /* libPods-Opiner.a */,
			);
			name = Frameworks;
			sourceTree = "<group>";
		};
		33235F27E4DF4B2AB88B01FE /* Resources */ = {
			isa = PBXGroup;
			children = (
				D916B8D94290454F8A638837 /* AntDesign.ttf */,
				B7670003FB3843D990A03D0F /* Entypo.ttf */,
				0A5AF6F97A464FB6A1282381 /* EvilIcons.ttf */,
				61ED20D3F71D41C793640236 /* Feather.ttf */,
				3CD467BD3D2E4A9182E331C9 /* FontAwesome.ttf */,
				97C6516495EC493ABB6B610B /* FontAwesome5_Brands.ttf */,
				B8752E0AF4714D48A3A44089 /* FontAwesome5_Regular.ttf */,
				4AB6166BF20042B3B162FDB3 /* FontAwesome5_Solid.ttf */,
				C6D2A8525A564184BE20320F /* Fontisto.ttf */,
				CACA6A12ED58494FB14792DD /* Foundation.ttf */,
				43816DECC3534248B2C45547 /* Ionicons.ttf */,
				4C3B6FBD84C3461BBF9C661E /* MaterialCommunityIcons.ttf */,
				7E4D5551D130476CA743B9D7 /* MaterialIcons.ttf */,
				595B0FF85E584E4FBC64F1CE /* Octicons.ttf */,
				FAE38CB19112424C9C47C968 /* SimpleLineIcons.ttf */,
				05058775A3734A3FAC5391BD /* Zocial.ttf */,
				1FFC2B3F262EDFE700998E71 /* SFMono-Bold.otf */,
				1FFC2B43262EDFE700998E71 /* SFMono-Medium.otf */,
				1FFC2B3E262EDFE700998E71 /* SFMono-Regular.otf */,
				1FFC2B3C262EDFE700998E71 /* SFProDisplay-Bold.otf */,
				1FFC2B40262EDFE700998E71 /* SFProDisplay-Heavy.otf */,
				1FFC2B3D262EDFE700998E71 /* SFProDisplay-Light.otf */,
				1FFC2B42262EDFE700998E71 /* SFProDisplay-Medium.otf */,
				1FFC2B41262EDFE700998E71 /* SFProDisplay-Regular.otf */,
				1FFC2C11262EE1F000998E71 /* SFProDisplay-Semibold.otf */,
			);
			name = Resources;
			sourceTree = "<group>";
		};
		7F058A9529F7551077AE07C7 /* Pods */ = {
			isa = PBXGroup;
			children = (
				844897D595449B2D07DD3DF5 /* Pods-Opiner.debug.xcconfig */,
				1A9788766EC661E0DCB65A86 /* Pods-Opiner.release.xcconfig */,
				A9DF43CD7B03D010112AD0CF /* Pods-Opiner.staging.xcconfig */,
				C29CC0F081F458C832EF40F8 /* Pods-Opiner.beta.xcconfig */,
			);
			path = Pods;
			sourceTree = "<group>";
		};
		832341AE1AAA6A7D00B99B32 /* Libraries */ = {
			isa = PBXGroup;
			children = (
				150ECAD5237959E300C6AF87 /* RNFirebase.podspec */,
			);
			name = Libraries;
			sourceTree = "<group>";
		};
		83CBB9F61A601CBA00E9B192 = {
			isa = PBXGroup;
			children = (
				13B07FAE1A68108700A75B9A /* Opiner */,
				832341AE1AAA6A7D00B99B32 /* Libraries */,
				00E356EF1AD99517003FC87E /* OpinerTests */,
				83CBBA001A601CBA00E9B192 /* Products */,
				2D16E6871FA4F8E400B85C8A /* Frameworks */,
				7F058A9529F7551077AE07C7 /* Pods */,
				33235F27E4DF4B2AB88B01FE /* Resources */,
				1F60ED7A261341F000592D83 /* Opiner-Bridging-Header.h */,
			);
			indentWidth = 2;
			sourceTree = "<group>";
			tabWidth = 2;
			usesTabs = 0;
			wrapsLines = 1;
		};
		83CBBA001A601CBA00E9B192 /* Products */ = {
			isa = PBXGroup;
			children = (
				13B07F961A680F5B00A75B9A /* Opiner.app */,
			);
			name = Products;
			sourceTree = "<group>";
		};
/* End PBXGroup section */

/* Begin PBXNativeTarget section */
		13B07F861A680F5B00A75B9A /* Opiner */ = {
			isa = PBXNativeTarget;
			buildConfigurationList = 13B07F931A680F5B00A75B9A /* Build configuration list for PBXNativeTarget "Opiner" */;
			buildPhases = (
				BA5F8E3431B2E994F441AA3F /* [CP] Check Pods Manifest.lock */,
				FD10A7F022414F080027D42C /* Start Packager */,
				13B07F871A680F5B00A75B9A /* Sources */,
				13B07F8C1A680F5B00A75B9A /* Frameworks */,
				13B07F8E1A680F5B00A75B9A /* Resources */,
				00DD1BFF1BD5951E006B06BC /* Bundle React Native code and images */,
				9C67E83F2355FD900012C8A3 /* Run Script */,
				BC2815BE2742B52A2BD16A66 /* [CP] Copy Pods Resources */,
				254040507B7A294F0F3F9C23 /* [CP-User] [RNFB] Core Configuration */,
				5C00A3D1DA8B672BEE9ED866 /* [CP-User] [RNFB] Crashlytics Configuration */,
				9106A2BA1CA14DF759181B81 /* [CP] Embed Pods Frameworks */,
			);
			buildRules = (
			);
			dependencies = (
			);
			name = Opiner;
			productName = Opiner;
			productReference = 13B07F961A680F5B00A75B9A /* Opiner.app */;
			productType = "com.apple.product-type.application";
		};
/* End PBXNativeTarget section */

/* Begin PBXProject section */
		83CBB9F71A601CBA00E9B192 /* Project object */ = {
			isa = PBXProject;
			attributes = {
				LastUpgradeCheck = 940;
				ORGANIZATIONNAME = Facebook;
				TargetAttributes = {
					13B07F861A680F5B00A75B9A = {
						DevelopmentTeam = KGAWUZ256N;
						LastSwiftMigration = 1240;
						ProvisioningStyle = Automatic;
					};
				};
			};
			buildConfigurationList = 83CBB9FA1A601CBA00E9B192 /* Build configuration list for PBXProject "Opiner" */;
			compatibilityVersion = "Xcode 3.2";
			developmentRegion = English;
			hasScannedForEncodings = 0;
			knownRegions = (
				English,
				en,
				Base,
			);
			mainGroup = 83CBB9F61A601CBA00E9B192;
			productRefGroup = 83CBBA001A601CBA00E9B192 /* Products */;
			projectDirPath = "";
			projectRoot = "";
			targets = (
				13B07F861A680F5B00A75B9A /* Opiner */,
			);
		};
/* End PBXProject section */

/* Begin PBXResourcesBuildPhase section */
		13B07F8E1A680F5B00A75B9A /* Resources */ = {
			isa = PBXResourcesBuildPhase;
			buildActionMask = 2147483647;
			files = (
				1F08008F2652627400F0F6B0 /* Images.xcassets in Resources */,
				1F6CD652263175B20044C2A2 /* LaunchScreen.storyboard in Resources */,
				1FFC2C12262EE20000998E71 /* SFProDisplay-Semibold.otf in Resources */,
				1FFC2BA6262EE03500998E71 /* SFMono-Bold.otf in Resources */,
				1FD8ACA227FDF956003CB744 /* logo-v3.png in Resources */,
				1FFC2BA7262EE03500998E71 /* SFMono-Medium.otf in Resources */,
				1FFC2BA8262EE03500998E71 /* SFMono-Regular.otf in Resources */,
				1FFC2BA9262EE03500998E71 /* SFProDisplay-Bold.otf in Resources */,
				1F08008C2652619A00F0F6B0 /* OpinerOSpace1024.png in Resources */,
				1FFC2BAA262EE03500998E71 /* SFProDisplay-Heavy.otf in Resources */,
				1FFC2BAB262EE03500998E71 /* SFProDisplay-Light.otf in Resources */,
				1FFC2BAC262EE03500998E71 /* SFProDisplay-Medium.otf in Resources */,
				1FFC2BAD262EE03500998E71 /* SFProDisplay-Regular.otf in Resources */,
				1F6CD6B8263177020044C2A2 /* LaunchScreen.xib in Resources */,
				4763CB7F24893EA5006B41FF /* GoogleService-Info_dev.plist in Resources */,
				4763CB8024893EA5006B41FF /* GoogleService-Info_prod.plist in Resources */,
				1F2E0CBD23FBA46800270B46 /* GoogleService-Info.plist in Resources */,
			);
			runOnlyForDeploymentPostprocessing = 0;
		};
/* End PBXResourcesBuildPhase section */

/* Begin PBXShellScriptBuildPhase section */
		00DD1BFF1BD5951E006B06BC /* Bundle React Native code and images */ = {
			isa = PBXShellScriptBuildPhase;
			buildActionMask = 2147483647;
			files = (
			);
			inputPaths = (
			);
			name = "Bundle React Native code and images";
			outputPaths = (
			);
			runOnlyForDeploymentPostprocessing = 0;
			shellPath = /bin/sh;
			shellScript = "export NODE_BINARY=node\n../node_modules/react-native/scripts/react-native-xcode.sh\n";
		};
		254040507B7A294F0F3F9C23 /* [CP-User] [RNFB] Core Configuration */ = {
			isa = PBXShellScriptBuildPhase;
			buildActionMask = 2147483647;
			files = (
			);
			inputPaths = (
				"$(SRCROOT)/$(BUILT_PRODUCTS_DIR)/$(INFOPLIST_PATH)",
			);
			name = "[CP-User] [RNFB] Core Configuration";
			runOnlyForDeploymentPostprocessing = 0;
			shellPath = /bin/sh;
			shellScript = "#!/usr/bin/env bash\n#\n# Copyright (c) 2016-present Invertase Limited & Contributors\n#\n# Licensed under the Apache License, Version 2.0 (the \"License\");\n# you may not use this library except in compliance with the License.\n# You may obtain a copy of the License at\n#\n#   http://www.apache.org/licenses/LICENSE-2.0\n#\n# Unless required by applicable law or agreed to in writing, software\n# distributed under the License is distributed on an \"AS IS\" BASIS,\n# WITHOUT WARRANTIES OR CONDITIONS OF ANY KIND, either express or implied.\n# See the License for the specific language governing permissions and\n# limitations under the License.\n#\nset -e\n\n_MAX_LOOKUPS=2;\n_SEARCH_RESULT=''\n_RN_ROOT_EXISTS=''\n_CURRENT_LOOKUPS=1\n_JSON_ROOT=\"'react-native'\"\n_JSON_FILE_NAME='firebase.json'\n_JSON_OUTPUT_BASE64='e30=' # { }\n_CURRENT_SEARCH_DIR=${PROJECT_DIR}\n_PLIST_BUDDY=/usr/libexec/PlistBuddy\n_TARGET_PLIST=\"${BUILT_PRODUCTS_DIR}/${INFOPLIST_PATH}\"\n_DSYM_PLIST=\"${DWARF_DSYM_FOLDER_PATH}/${DWARF_DSYM_FILE_NAME}/Contents/Info.plist\"\n\n# plist arrays\n_PLIST_ENTRY_KEYS=()\n_PLIST_ENTRY_TYPES=()\n_PLIST_ENTRY_VALUES=()\n\nfunction setPlistValue {\n  echo \"info:      setting plist entry '$1' of type '$2' in file '$4'\"\n  ${_PLIST_BUDDY} -c \"Add :$1 $2 '$3'\" $4 || echo \"info:      '$1' already exists\"\n}\n\nfunction getFirebaseJsonKeyValue () {\n  if [[ ${_RN_ROOT_EXISTS} ]]; then\n    ruby -e \"require 'rubygems';require 'json'; output=JSON.parse('$1'); puts output[$_JSON_ROOT]['$2']\"\n  else\n    echo \"\"\n  fi;\n}\n\nfunction jsonBoolToYesNo () {\n  if [[ $1 == \"false\" ]]; then\n    echo \"NO\"\n  elif [[ $1 == \"true\" ]]; then\n    echo \"YES\"\n  else echo \"NO\"\n  fi\n}\n\necho \"info: -> RNFB build script started\"\necho \"info: 1) Locating ${_JSON_FILE_NAME} file:\"\n\nif [[ -z ${_CURRENT_SEARCH_DIR} ]]; then\n  _CURRENT_SEARCH_DIR=$(pwd)\nfi;\n\nwhile true; do\n  _CURRENT_SEARCH_DIR=$(dirname \"$_CURRENT_SEARCH_DIR\")\n  if [[ \"$_CURRENT_SEARCH_DIR\" == \"/\" ]] || [[ ${_CURRENT_LOOKUPS} -gt ${_MAX_LOOKUPS} ]]; then break; fi;\n  echo \"info:      ($_CURRENT_LOOKUPS of $_MAX_LOOKUPS) Searching in '$_CURRENT_SEARCH_DIR' for a ${_JSON_FILE_NAME} file.\"\n  _SEARCH_RESULT=$(find \"$_CURRENT_SEARCH_DIR\" -maxdepth 2 -name ${_JSON_FILE_NAME} -print | head -n 1)\n  if [[ ${_SEARCH_RESULT} ]]; then\n    echo \"info:      ${_JSON_FILE_NAME} found at $_SEARCH_RESULT\"\n    break;\n  fi;\n  _CURRENT_LOOKUPS=$((_CURRENT_LOOKUPS+1))\ndone\n\nif [[ ${_SEARCH_RESULT} ]]; then\n  _JSON_OUTPUT_RAW=$(cat \"${_SEARCH_RESULT}\")\n  _RN_ROOT_EXISTS=$(ruby -e \"require 'rubygems';require 'json'; output=JSON.parse('$_JSON_OUTPUT_RAW'); puts output[$_JSON_ROOT]\" || echo '')\n\n  if [[ ${_RN_ROOT_EXISTS} ]]; then\n    _JSON_OUTPUT_BASE64=$(python -c 'import json,sys,base64;print(base64.b64encode(json.dumps(json.loads(open('\"'${_SEARCH_RESULT}'\"').read())['${_JSON_ROOT}'])))' || echo \"e30=\")\n  fi\n\n  _PLIST_ENTRY_KEYS+=(\"firebase_json_raw\")\n  _PLIST_ENTRY_TYPES+=(\"string\")\n  _PLIST_ENTRY_VALUES+=(\"$_JSON_OUTPUT_BASE64\")\n\n  # config.analytics_auto_collection_enabled\n  _ANALYTICS_AUTO_COLLECTION=$(getFirebaseJsonKeyValue \"$_JSON_OUTPUT_RAW\" \"analytics_auto_collection_enabled\")\n  if [[ $_ANALYTICS_AUTO_COLLECTION ]]; then\n    _PLIST_ENTRY_KEYS+=(\"FIREBASE_ANALYTICS_COLLECTION_ENABLED\")\n    _PLIST_ENTRY_TYPES+=(\"bool\")\n    _PLIST_ENTRY_VALUES+=(\"$(jsonBoolToYesNo \"$_ANALYTICS_AUTO_COLLECTION\")\")\n  fi\n\n  # config.perf_auto_collection_enabled\n  _PERF_AUTO_COLLECTION=$(getFirebaseJsonKeyValue \"$_JSON_OUTPUT_RAW\" \"perf_auto_collection_enabled\")\n  if [[ $_PERF_AUTO_COLLECTION ]]; then\n    _PLIST_ENTRY_KEYS+=(\"firebase_performance_collection_enabled\")\n    _PLIST_ENTRY_TYPES+=(\"bool\")\n    _PLIST_ENTRY_VALUES+=(\"$(jsonBoolToYesNo \"$_PERF_AUTO_COLLECTION\")\")\n  fi\n\n  # config.messaging_auto_init_enabled\n  _MESSAGING_AUTO_INIT=$(getFirebaseJsonKeyValue \"$_JSON_OUTPUT_RAW\" \"messaging_auto_init_enabled\")\n  if [[ $_MESSAGING_AUTO_INIT ]]; then\n    _PLIST_ENTRY_KEYS+=(\"FirebaseMessagingAutoInitEnabled\")\n    _PLIST_ENTRY_TYPES+=(\"bool\")\n    _PLIST_ENTRY_VALUES+=(\"$(jsonBoolToYesNo \"$_MESSAGING_AUTO_INIT\")\")\n  fi\n\n  # config.crashlytics_disable_auto_disabler - undocumented for now - mainly for debugging, document if becomes useful\n  _CRASHLYTICS_AUTO_DISABLE_ENABLED=$(getFirebaseJsonKeyValue \"$_JSON_OUTPUT_RAW\" \"crashlytics_disable_auto_disabler\")\n  if [[ $_CRASHLYTICS_AUTO_DISABLE_ENABLED == \"true\" ]]; then\n    echo \"Disabled Crashlytics auto disabler.\" # do nothing\n  else\n    _PLIST_ENTRY_KEYS+=(\"FirebaseCrashlyticsCollectionEnabled\")\n    _PLIST_ENTRY_TYPES+=(\"bool\")\n    _PLIST_ENTRY_VALUES+=(\"NO\")\n  fi\n\n  # config.admob_delay_app_measurement_init\n  _ADMOB_DELAY_APP_MEASUREMENT=$(getFirebaseJsonKeyValue \"$_JSON_OUTPUT_RAW\" \"admob_delay_app_measurement_init\")\n  if [[ $_ADMOB_DELAY_APP_MEASUREMENT == \"true\" ]]; then\n    _PLIST_ENTRY_KEYS+=(\"GADDelayAppMeasurementInit\")\n    _PLIST_ENTRY_TYPES+=(\"bool\")\n    _PLIST_ENTRY_VALUES+=(\"YES\")\n  fi\n\n  # config.admob_ios_app_id\n  _ADMOB_IOS_APP_ID=$(getFirebaseJsonKeyValue \"$_JSON_OUTPUT_RAW\" \"admob_ios_app_id\")\n  if [[ $_ADMOB_IOS_APP_ID ]]; then\n    _PLIST_ENTRY_KEYS+=(\"GADApplicationIdentifier\")\n    _PLIST_ENTRY_TYPES+=(\"string\")\n    _PLIST_ENTRY_VALUES+=(\"$_ADMOB_IOS_APP_ID\")\n  fi\nelse\n  _PLIST_ENTRY_KEYS+=(\"firebase_json_raw\")\n  _PLIST_ENTRY_TYPES+=(\"string\")\n  _PLIST_ENTRY_VALUES+=(\"$_JSON_OUTPUT_BASE64\")\n  echo \"warning:   A firebase.json file was not found, whilst this file is optional it is recommended to include it to configure firebase services in React Native Firebase.\"\nfi;\n\necho \"info: 2) Injecting Info.plist entries: \"\n\n# Log out the keys we're adding\nfor i in \"${!_PLIST_ENTRY_KEYS[@]}\"; do\n  echo \"    ->  $i) ${_PLIST_ENTRY_KEYS[$i]}\" \"${_PLIST_ENTRY_TYPES[$i]}\" \"${_PLIST_ENTRY_VALUES[$i]}\"\ndone\n\nfor plist in \"${_TARGET_PLIST}\" \"${_DSYM_PLIST}\" ; do\n  if [[ -f \"${plist}\" ]]; then\n\n    # paths with spaces break the call to setPlistValue. temporarily modify\n    # the shell internal field separator variable (IFS), which normally\n    # includes spaces, to consist only of line breaks\n    oldifs=$IFS\n    IFS=\"\n\"\n\n    for i in \"${!_PLIST_ENTRY_KEYS[@]}\"; do\n      setPlistValue \"${_PLIST_ENTRY_KEYS[$i]}\" \"${_PLIST_ENTRY_TYPES[$i]}\" \"${_PLIST_ENTRY_VALUES[$i]}\" \"${plist}\"\n    done\n\n    # restore the original internal field separator value\n    IFS=$oldifs\n  else\n    echo \"warning:   A Info.plist build output file was not found (${plist})\"\n  fi\ndone\n\necho \"info: <- RNFB build script finished\"\n";
		};
		5C00A3D1DA8B672BEE9ED866 /* [CP-User] [RNFB] Crashlytics Configuration */ = {
			isa = PBXShellScriptBuildPhase;
			buildActionMask = 2147483647;
			files = (
			);
			inputPaths = (
				"${DWARF_DSYM_FOLDER_PATH}/${DWARF_DSYM_FILE_NAME}/Contents/Resources/DWARF/${TARGET_NAME}",
				"$(SRCROOT)/$(BUILT_PRODUCTS_DIR)/$(INFOPLIST_PATH)",
			);
			name = "[CP-User] [RNFB] Crashlytics Configuration";
			runOnlyForDeploymentPostprocessing = 0;
			shellPath = /bin/sh;
			shellScript = "#!/usr/bin/env bash\n#\n# Copyright (c) 2016-present Invertase Limited & Contributors\n#\n# Licensed under the Apache License, Version 2.0 (the \"License\");\n# you may not use this library except in compliance with the License.\n# You may obtain a copy of the License at\n#\n#   http://www.apache.org/licenses/LICENSE-2.0\n#\n# Unless required by applicable law or agreed to in writing, software\n# distributed under the License is distributed on an \"AS IS\" BASIS,\n# WITHOUT WARRANTIES OR CONDITIONS OF ANY KIND, either express or implied.\n# See the License for the specific language governing permissions and\n# limitations under the License.\n#\nset -e\n\nif [[ ${PODS_ROOT} ]]; then\n  echo \"info: Exec FirebaseCrashlytics Run from Pods\"\n  \"${PODS_ROOT}/FirebaseCrashlytics/run\"\nelse\n  echo \"info: Exec FirebaseCrashlytics Run from framework\"\n  \"${PROJECT_DIR}/FirebaseCrashlytics.framework/run\"\nfi\n";
		};
		9106A2BA1CA14DF759181B81 /* [CP] Embed Pods Frameworks */ = {
			isa = PBXShellScriptBuildPhase;
			buildActionMask = 2147483647;
			files = (
			);
			inputPaths = (
				"${PODS_ROOT}/Target Support Files/Pods-Opiner/Pods-Opiner-frameworks.sh",
				"${PODS_XCFRAMEWORKS_BUILD_DIR}/ffmpeg-kit-ios-full-gpl/ffmpegkit.framework/ffmpegkit",
				"${PODS_XCFRAMEWORKS_BUILD_DIR}/ffmpeg-kit-ios-full-gpl/libavcodec.framework/libavcodec",
				"${PODS_XCFRAMEWORKS_BUILD_DIR}/ffmpeg-kit-ios-full-gpl/libavdevice.framework/libavdevice",
				"${PODS_XCFRAMEWORKS_BUILD_DIR}/ffmpeg-kit-ios-full-gpl/libavfilter.framework/libavfilter",
				"${PODS_XCFRAMEWORKS_BUILD_DIR}/ffmpeg-kit-ios-full-gpl/libavformat.framework/libavformat",
				"${PODS_XCFRAMEWORKS_BUILD_DIR}/ffmpeg-kit-ios-full-gpl/libavutil.framework/libavutil",
				"${PODS_XCFRAMEWORKS_BUILD_DIR}/ffmpeg-kit-ios-full-gpl/libswresample.framework/libswresample",
				"${PODS_XCFRAMEWORKS_BUILD_DIR}/ffmpeg-kit-ios-full-gpl/libswscale.framework/libswscale",
				"${PODS_XCFRAMEWORKS_BUILD_DIR}/hermes-engine/Pre-built/hermes.framework/hermes",
				"${PODS_XCFRAMEWORKS_BUILD_DIR}/Flipper-DoubleConversion/double-conversion.framework/double-conversion",
				"${PODS_XCFRAMEWORKS_BUILD_DIR}/Flipper-Glog/glog.framework/glog",
				"${PODS_XCFRAMEWORKS_BUILD_DIR}/OpenSSL-Universal/OpenSSL.framework/OpenSSL",
			);
			name = "[CP] Embed Pods Frameworks";
			outputPaths = (
				"${TARGET_BUILD_DIR}/${FRAMEWORKS_FOLDER_PATH}/ffmpegkit.framework",
				"${TARGET_BUILD_DIR}/${FRAMEWORKS_FOLDER_PATH}/libavcodec.framework",
				"${TARGET_BUILD_DIR}/${FRAMEWORKS_FOLDER_PATH}/libavdevice.framework",
				"${TARGET_BUILD_DIR}/${FRAMEWORKS_FOLDER_PATH}/libavfilter.framework",
				"${TARGET_BUILD_DIR}/${FRAMEWORKS_FOLDER_PATH}/libavformat.framework",
				"${TARGET_BUILD_DIR}/${FRAMEWORKS_FOLDER_PATH}/libavutil.framework",
				"${TARGET_BUILD_DIR}/${FRAMEWORKS_FOLDER_PATH}/libswresample.framework",
				"${TARGET_BUILD_DIR}/${FRAMEWORKS_FOLDER_PATH}/libswscale.framework",
				"${TARGET_BUILD_DIR}/${FRAMEWORKS_FOLDER_PATH}/hermes.framework",
				"${TARGET_BUILD_DIR}/${FRAMEWORKS_FOLDER_PATH}/double-conversion.framework",
				"${TARGET_BUILD_DIR}/${FRAMEWORKS_FOLDER_PATH}/glog.framework",
				"${TARGET_BUILD_DIR}/${FRAMEWORKS_FOLDER_PATH}/OpenSSL.framework",
			);
			runOnlyForDeploymentPostprocessing = 0;
			shellPath = /bin/sh;
			shellScript = "\"${PODS_ROOT}/Target Support Files/Pods-Opiner/Pods-Opiner-frameworks.sh\"\n";
			showEnvVarsInLog = 0;
		};
		9C67E83F2355FD900012C8A3 /* Run Script */ = {
			isa = PBXShellScriptBuildPhase;
			buildActionMask = 2147483647;
			files = (
			);
			inputFileListPaths = (
			);
			inputPaths = (
			);
			name = "Run Script";
			outputFileListPaths = (
			);
			outputPaths = (
			);
			runOnlyForDeploymentPostprocessing = 0;
			shellPath = /bin/sh;
			shellScript = "# Type a script or drag a script file from your workspace to insert its path.\n\"${PODS_ROOT}/FirebaseCrashlytics/run\" 357c531d9372ec3a5024a49cc0f71bb79e531263 3378ac9f0b8c58ef13790e295034eb7e1903b5ee8dbf81090bc6ae9be26ecb0e\n";
		};
		BA5F8E3431B2E994F441AA3F /* [CP] Check Pods Manifest.lock */ = {
			isa = PBXShellScriptBuildPhase;
			buildActionMask = 2147483647;
			files = (
			);
			inputFileListPaths = (
			);
			inputPaths = (
				"${PODS_PODFILE_DIR_PATH}/Podfile.lock",
				"${PODS_ROOT}/Manifest.lock",
			);
			name = "[CP] Check Pods Manifest.lock";
			outputFileListPaths = (
			);
			outputPaths = (
				"$(DERIVED_FILE_DIR)/Pods-Opiner-checkManifestLockResult.txt",
			);
			runOnlyForDeploymentPostprocessing = 0;
			shellPath = /bin/sh;
			shellScript = "diff \"${PODS_PODFILE_DIR_PATH}/Podfile.lock\" \"${PODS_ROOT}/Manifest.lock\" > /dev/null\nif [ $? != 0 ] ; then\n    # print error to STDERR\n    echo \"error: The sandbox is not in sync with the Podfile.lock. Run 'pod install' or update your CocoaPods installation.\" >&2\n    exit 1\nfi\n# This output is used by Xcode 'outputs' to avoid re-running this script phase.\necho \"SUCCESS\" > \"${SCRIPT_OUTPUT_FILE_0}\"\n";
			showEnvVarsInLog = 0;
		};
		BC2815BE2742B52A2BD16A66 /* [CP] Copy Pods Resources */ = {
			isa = PBXShellScriptBuildPhase;
			buildActionMask = 2147483647;
			files = (
			);
			inputPaths = (
				"${PODS_ROOT}/Target Support Files/Pods-Opiner/Pods-Opiner-resources.sh",
				"${PODS_CONFIGURATION_BUILD_DIR}/RNImageCropPicker/QBImagePicker.bundle",
				"${PODS_CONFIGURATION_BUILD_DIR}/React-Core/AccessibilityResources.bundle",
				"${PODS_CONFIGURATION_BUILD_DIR}/TOCropViewController/TOCropViewControllerBundle.bundle",
			);
			name = "[CP] Copy Pods Resources";
			outputPaths = (
				"${TARGET_BUILD_DIR}/${UNLOCALIZED_RESOURCES_FOLDER_PATH}/QBImagePicker.bundle",
				"${TARGET_BUILD_DIR}/${UNLOCALIZED_RESOURCES_FOLDER_PATH}/AccessibilityResources.bundle",
				"${TARGET_BUILD_DIR}/${UNLOCALIZED_RESOURCES_FOLDER_PATH}/TOCropViewControllerBundle.bundle",
			);
			runOnlyForDeploymentPostprocessing = 0;
			shellPath = /bin/sh;
			shellScript = "\"${PODS_ROOT}/Target Support Files/Pods-Opiner/Pods-Opiner-resources.sh\"\n";
			showEnvVarsInLog = 0;
		};
		FD10A7F022414F080027D42C /* Start Packager */ = {
			isa = PBXShellScriptBuildPhase;
			buildActionMask = 2147483647;
			files = (
			);
			inputFileListPaths = (
			);
			inputPaths = (
			);
			name = "Start Packager";
			outputFileListPaths = (
			);
			outputPaths = (
			);
			runOnlyForDeploymentPostprocessing = 0;
			shellPath = /bin/sh;
			shellScript = "export RCT_METRO_PORT=\"${RCT_METRO_PORT:=8081}\"\necho \"export RCT_METRO_PORT=${RCT_METRO_PORT}\" > \"${SRCROOT}/../node_modules/react-native/scripts/.packager.env\"\nif [ -z \"${RCT_NO_LAUNCH_PACKAGER+xxx}\" ] ; then\n  if nc -w 5 -z localhost ${RCT_METRO_PORT} ; then\n    if ! curl -s \"http://localhost:${RCT_METRO_PORT}/status\" | grep -q \"packager-status:running\" ; then\n      echo \"Port ${RCT_METRO_PORT} already in use, packager is either not running or not running correctly\"\n      exit 2\n    fi\n  else\n    open \"$SRCROOT/../node_modules/react-native/scripts/launchPackager.command\" || echo \"Can't start packager automatically\"\n  fi\nfi\n";
			showEnvVarsInLog = 0;
		};
/* End PBXShellScriptBuildPhase section */

/* Begin PBXSourcesBuildPhase section */
		13B07F871A680F5B00A75B9A /* Sources */ = {
			isa = PBXSourcesBuildPhase;
			buildActionMask = 2147483647;
			files = (
				1F60ED7C261341F000592D83 /* Opiner.swift in Sources */,
				1FB763C72857278500F85846 /* AppDelegate.mm in Sources */,
				13B07FC11A68108700A75B9A /* main.m in Sources */,
			);
			runOnlyForDeploymentPostprocessing = 0;
		};
/* End PBXSourcesBuildPhase section */

/* Begin PBXVariantGroup section */
		1F6CD6B6263177020044C2A2 /* LaunchScreen.xib */ = {
			isa = PBXVariantGroup;
			children = (
				1F6CD6B7263177020044C2A2 /* Base */,
			);
			name = LaunchScreen.xib;
			sourceTree = "<group>";
		};
/* End PBXVariantGroup section */

/* Begin XCBuildConfiguration section */
		13B07F941A680F5B00A75B9A /* Debug */ = {
			isa = XCBuildConfiguration;
			baseConfigurationReference = 844897D595449B2D07DD3DF5 /* Pods-Opiner.debug.xcconfig */;
			buildSettings = {
				ASSETCATALOG_COMPILER_APPICON_NAME = AppIcon;
				CLANG_ENABLE_MODULES = YES;
				CODE_SIGN_ENTITLEMENTS = Opiner/OpinerDebug.entitlements;
				CODE_SIGN_IDENTITY = "iPhone Developer";
				CODE_SIGN_STYLE = Automatic;
				CURRENT_PROJECT_VERSION = 128;
				DEAD_CODE_STRIPPING = YES;
				DEVELOPMENT_TEAM = KGAWUZ256N;
				EXCLUDED_ARCHS = "";
				"EXCLUDED_ARCHS[sdk=iphonesimulator*]" = arm64;
				INFOPLIST_FILE = Opiner/Info.plist;
				IPHONEOS_DEPLOYMENT_TARGET = 13.0;
				LD_RUNPATH_SEARCH_PATHS = "$(inherited) @executable_path/Frameworks";
				MARKETING_VERSION = 4.0.5;
				OPINER_APP_NAME = "Opiner Debug";
				OTHER_LDFLAGS = (
					"$(inherited)",
					"-ObjC",
					"-lc++",
				);
				PODS_CONFIGURATION_BUILD_DIR = "$(inherited)";
				PRODUCT_BUNDLE_IDENTIFIER = app.opiner;
				PRODUCT_NAME = Opiner;
				PROVISIONING_PROFILE_SPECIFIER = "";
				SWIFT_OBJC_BRIDGING_HEADER = "Opiner-Bridging-Header.h";
				SWIFT_OPTIMIZATION_LEVEL = "-Onone";
				SWIFT_VERSION = 5.0;
				TARGETED_DEVICE_FAMILY = 1;
				VERSIONING_SYSTEM = "apple-generic";
			};
			name = Debug;
		};
		13B07F951A680F5B00A75B9A /* Release */ = {
			isa = XCBuildConfiguration;
			baseConfigurationReference = 1A9788766EC661E0DCB65A86 /* Pods-Opiner.release.xcconfig */;
			buildSettings = {
				ASSETCATALOG_COMPILER_APPICON_NAME = AppIcon;
				CLANG_ENABLE_MODULES = YES;
				CODE_SIGN_ENTITLEMENTS = Opiner/OpinerRelease.entitlements;
				CODE_SIGN_IDENTITY = "iPhone Developer";
				CODE_SIGN_STYLE = Automatic;
				CURRENT_PROJECT_VERSION = 128;
				DEVELOPMENT_TEAM = KGAWUZ256N;
				INFOPLIST_FILE = Opiner/Info.plist;
				IPHONEOS_DEPLOYMENT_TARGET = 13.0;
				LD_RUNPATH_SEARCH_PATHS = "$(inherited) @executable_path/Frameworks";
				MARKETING_VERSION = 4.0.5;
				OPINER_APP_NAME = Opiner;
				OTHER_LDFLAGS = (
					"$(inherited)",
					"-ObjC",
					"-lc++",
				);
				PODS_CONFIGURATION_BUILD_DIR = "$(inherited)";
				PRODUCT_BUNDLE_IDENTIFIER = app.opiner;
				PRODUCT_NAME = Opiner;
				PROVISIONING_PROFILE_SPECIFIER = "";
				SWIFT_OBJC_BRIDGING_HEADER = "Opiner-Bridging-Header.h";
				SWIFT_VERSION = 5.0;
				TARGETED_DEVICE_FAMILY = 1;
				VERSIONING_SYSTEM = "apple-generic";
			};
			name = Release;
		};
		1FBB94E124B855E500A3AA76 /* Staging */ = {
			isa = XCBuildConfiguration;
			buildSettings = {
				ALWAYS_SEARCH_USER_PATHS = NO;
				CLANG_CXX_LANGUAGE_STANDARD = "c++17";
				CLANG_CXX_LIBRARY = "libc++";
				CLANG_ENABLE_MODULES = YES;
				CLANG_ENABLE_OBJC_ARC = YES;
				CLANG_WARN_BLOCK_CAPTURE_AUTORELEASING = YES;
				CLANG_WARN_BOOL_CONVERSION = YES;
				CLANG_WARN_COMMA = YES;
				CLANG_WARN_CONSTANT_CONVERSION = YES;
				CLANG_WARN_DEPRECATED_OBJC_IMPLEMENTATIONS = YES;
				CLANG_WARN_DIRECT_OBJC_ISA_USAGE = YES_ERROR;
				CLANG_WARN_EMPTY_BODY = YES;
				CLANG_WARN_ENUM_CONVERSION = YES;
				CLANG_WARN_INFINITE_RECURSION = YES;
				CLANG_WARN_INT_CONVERSION = YES;
				CLANG_WARN_NON_LITERAL_NULL_CONVERSION = YES;
				CLANG_WARN_OBJC_IMPLICIT_RETAIN_SELF = YES;
				CLANG_WARN_OBJC_LITERAL_CONVERSION = YES;
				CLANG_WARN_OBJC_ROOT_CLASS = YES_ERROR;
				CLANG_WARN_RANGE_LOOP_ANALYSIS = YES;
				CLANG_WARN_STRICT_PROTOTYPES = YES;
				CLANG_WARN_SUSPICIOUS_MOVE = YES;
				CLANG_WARN_UNREACHABLE_CODE = YES;
				CLANG_WARN__DUPLICATE_METHOD_MATCH = YES;
				CODEPUSH_KEY = "Uik7PrLzdxE-4jT2KGXWzWPj-bZlhyjgkv5aC";
				CODE_SIGN_IDENTITY = "iPhone Developer: Duncan Welch (2WLN2AA774)";
				"CODE_SIGN_IDENTITY[sdk=iphoneos*]" = "iPhone Developer";
				CONFIGURATION_BUILD_DIR = "$(BUILD_DIR)/Release$(EFFECTIVE_PLATFORM_NAME)";
				COPY_PHASE_STRIP = YES;
				ENABLE_NS_ASSERTIONS = NO;
				ENABLE_STRICT_OBJC_MSGSEND = YES;
				"EXCLUDED_ARCHS[sdk=iphonesimulator*]" = i386;
				GCC_C_LANGUAGE_STANDARD = gnu99;
				GCC_NO_COMMON_BLOCKS = YES;
				GCC_WARN_64_TO_32_BIT_CONVERSION = YES;
				GCC_WARN_ABOUT_RETURN_TYPE = YES_ERROR;
				GCC_WARN_UNDECLARED_SELECTOR = YES;
				GCC_WARN_UNINITIALIZED_AUTOS = YES_AGGRESSIVE;
				GCC_WARN_UNUSED_FUNCTION = YES;
				GCC_WARN_UNUSED_VARIABLE = YES;
				"HEADER_SEARCH_PATHS[arch=*]" = "$(SRCROOT)/../node_modules/react-native-firebase/ios/RNFirebase\n";
				IPHONEOS_DEPLOYMENT_TARGET = 11.3;
				MTL_ENABLE_DEBUG_INFO = NO;
				OTHER_CFLAGS = "$(inherited)";
				OTHER_CPLUSPLUSFLAGS = "$(inherited)";
				PRODUCT_NAME = Opiner;
				REACT_NATIVE_PATH = "${PODS_ROOT}/../../node_modules/react-native";
				SDKROOT = iphoneos;
				VALIDATE_PRODUCT = YES;
			};
			name = Staging;
		};
		1FBB94E224B855E500A3AA76 /* Staging */ = {
			isa = XCBuildConfiguration;
			baseConfigurationReference = A9DF43CD7B03D010112AD0CF /* Pods-Opiner.staging.xcconfig */;
			buildSettings = {
				ASSETCATALOG_COMPILER_APPICON_NAME = AppIcon;
				CLANG_ENABLE_MODULES = YES;
				CODE_SIGN_ENTITLEMENTS = Opiner/OpinerRelease.entitlements;
				CODE_SIGN_IDENTITY = "iPhone Developer";
				CODE_SIGN_STYLE = Automatic;
				CURRENT_PROJECT_VERSION = 128;
				DEVELOPMENT_TEAM = KGAWUZ256N;
				INFOPLIST_FILE = Opiner/Info.plist;
				IPHONEOS_DEPLOYMENT_TARGET = 13.0;
				LD_RUNPATH_SEARCH_PATHS = "$(inherited) @executable_path/Frameworks";
				MARKETING_VERSION = 4.0.5;
				OPINER_APP_NAME = "Opiner Staging";
				OTHER_LDFLAGS = (
					"$(inherited)",
					"-ObjC",
					"-lc++",
				);
				PODS_CONFIGURATION_BUILD_DIR = "$(inherited)";
				PRODUCT_BUNDLE_IDENTIFIER = app.opiner;
				PRODUCT_NAME = Opiner;
				PROVISIONING_PROFILE_SPECIFIER = "";
				SWIFT_OBJC_BRIDGING_HEADER = "Opiner-Bridging-Header.h";
				SWIFT_VERSION = 5.0;
				TARGETED_DEVICE_FAMILY = 1;
				VERSIONING_SYSTEM = "apple-generic";
			};
			name = Staging;
		};
		47129A88248933A1004441DD /* Beta */ = {
			isa = XCBuildConfiguration;
			buildSettings = {
				ALWAYS_SEARCH_USER_PATHS = NO;
				CLANG_CXX_LANGUAGE_STANDARD = "c++17";
				CLANG_CXX_LIBRARY = "libc++";
				CLANG_ENABLE_MODULES = YES;
				CLANG_ENABLE_OBJC_ARC = YES;
				CLANG_WARN_BLOCK_CAPTURE_AUTORELEASING = YES;
				CLANG_WARN_BOOL_CONVERSION = YES;
				CLANG_WARN_COMMA = YES;
				CLANG_WARN_CONSTANT_CONVERSION = YES;
				CLANG_WARN_DEPRECATED_OBJC_IMPLEMENTATIONS = YES;
				CLANG_WARN_DIRECT_OBJC_ISA_USAGE = YES_ERROR;
				CLANG_WARN_EMPTY_BODY = YES;
				CLANG_WARN_ENUM_CONVERSION = YES;
				CLANG_WARN_INFINITE_RECURSION = YES;
				CLANG_WARN_INT_CONVERSION = YES;
				CLANG_WARN_NON_LITERAL_NULL_CONVERSION = YES;
				CLANG_WARN_OBJC_IMPLICIT_RETAIN_SELF = YES;
				CLANG_WARN_OBJC_LITERAL_CONVERSION = YES;
				CLANG_WARN_OBJC_ROOT_CLASS = YES_ERROR;
				CLANG_WARN_RANGE_LOOP_ANALYSIS = YES;
				CLANG_WARN_STRICT_PROTOTYPES = YES;
				CLANG_WARN_SUSPICIOUS_MOVE = YES;
				CLANG_WARN_UNREACHABLE_CODE = YES;
				CLANG_WARN__DUPLICATE_METHOD_MATCH = YES;
				CODEPUSH_KEY = "Uik7PrLzdxE-4jT2KGXWzWPj-bZlhyjgkv5aC";
				CODE_SIGN_IDENTITY = "iPhone Developer: Duncan Welch (2WLN2AA774)";
				"CODE_SIGN_IDENTITY[sdk=iphoneos*]" = "iPhone Developer";
				CONFIGURATION_BUILD_DIR = "$(BUILD_DIR)/$(CONFIGURATION)$(EFFECTIVE_PLATFORM_NAME)";
				COPY_PHASE_STRIP = YES;
				ENABLE_NS_ASSERTIONS = NO;
				ENABLE_STRICT_OBJC_MSGSEND = YES;
				"EXCLUDED_ARCHS[sdk=iphonesimulator*]" = i386;
				GCC_C_LANGUAGE_STANDARD = gnu99;
				GCC_NO_COMMON_BLOCKS = YES;
				GCC_WARN_64_TO_32_BIT_CONVERSION = YES;
				GCC_WARN_ABOUT_RETURN_TYPE = YES_ERROR;
				GCC_WARN_UNDECLARED_SELECTOR = YES;
				GCC_WARN_UNINITIALIZED_AUTOS = YES_AGGRESSIVE;
				GCC_WARN_UNUSED_FUNCTION = YES;
				GCC_WARN_UNUSED_VARIABLE = YES;
				"HEADER_SEARCH_PATHS[arch=*]" = "$(SRCROOT)/../node_modules/react-native-firebase/ios/RNFirebase\n";
				IPHONEOS_DEPLOYMENT_TARGET = 11.3;
				MTL_ENABLE_DEBUG_INFO = NO;
				OTHER_CFLAGS = "$(inherited)";
				OTHER_CPLUSPLUSFLAGS = "$(inherited)";
				PRODUCT_NAME = OpinerBeta;
				REACT_NATIVE_PATH = "${PODS_ROOT}/../../node_modules/react-native";
				SDKROOT = iphoneos;
				VALIDATE_PRODUCT = YES;
			};
			name = Beta;
		};
		47129A89248933A1004441DD /* Beta */ = {
			isa = XCBuildConfiguration;
			baseConfigurationReference = C29CC0F081F458C832EF40F8 /* Pods-Opiner.beta.xcconfig */;
			buildSettings = {
				ASSETCATALOG_COMPILER_APPICON_NAME = AppIconBeta;
				CLANG_ENABLE_MODULES = YES;
				CODE_SIGN_ENTITLEMENTS = Opiner/OpinerRelease.entitlements;
				CODE_SIGN_IDENTITY = "iPhone Developer";
				CODE_SIGN_STYLE = Automatic;
				CURRENT_PROJECT_VERSION = 128;
				DEVELOPMENT_TEAM = KGAWUZ256N;
				"EXCLUDED_ARCHS[sdk=iphonesimulator*]" = arm64;
				INFOPLIST_FILE = Opiner/Info.plist;
				IPHONEOS_DEPLOYMENT_TARGET = 13.0;
				LD_RUNPATH_SEARCH_PATHS = "$(inherited) @executable_path/Frameworks";
				MARKETING_VERSION = 4.0.5;
				ONLY_ACTIVE_ARCH = YES;
				OPINER_APP_NAME = "Opiner Beta";
				OTHER_LDFLAGS = (
					"$(inherited)",
					"-ObjC",
					"-lc++",
				);
				PODS_CONFIGURATION_BUILD_DIR = "$(inherited)";
				PRODUCT_BUNDLE_IDENTIFIER = app.opiner.internal;
				PRODUCT_NAME = "Opiner Beta";
				PROVISIONING_PROFILE_SPECIFIER = "";
				SWIFT_OBJC_BRIDGING_HEADER = "Opiner-Bridging-Header.h";
				SWIFT_VERSION = 5.0;
				TARGETED_DEVICE_FAMILY = 1;
				VERSIONING_SYSTEM = "apple-generic";
			};
			name = Beta;
		};
		83CBBA201A601CBA00E9B192 /* Debug */ = {
			isa = XCBuildConfiguration;
			buildSettings = {
				ALWAYS_SEARCH_USER_PATHS = NO;
				CLANG_CXX_LANGUAGE_STANDARD = "c++17";
				CLANG_CXX_LIBRARY = "libc++";
				CLANG_ENABLE_MODULES = YES;
				CLANG_ENABLE_OBJC_ARC = YES;
				CLANG_WARN_BLOCK_CAPTURE_AUTORELEASING = YES;
				CLANG_WARN_BOOL_CONVERSION = YES;
				CLANG_WARN_COMMA = YES;
				CLANG_WARN_CONSTANT_CONVERSION = YES;
				CLANG_WARN_DEPRECATED_OBJC_IMPLEMENTATIONS = YES;
				CLANG_WARN_DIRECT_OBJC_ISA_USAGE = YES_ERROR;
				CLANG_WARN_EMPTY_BODY = YES;
				CLANG_WARN_ENUM_CONVERSION = YES;
				CLANG_WARN_INFINITE_RECURSION = YES;
				CLANG_WARN_INT_CONVERSION = YES;
				CLANG_WARN_NON_LITERAL_NULL_CONVERSION = YES;
				CLANG_WARN_OBJC_IMPLICIT_RETAIN_SELF = YES;
				CLANG_WARN_OBJC_LITERAL_CONVERSION = YES;
				CLANG_WARN_OBJC_ROOT_CLASS = YES_ERROR;
				CLANG_WARN_RANGE_LOOP_ANALYSIS = YES;
				CLANG_WARN_STRICT_PROTOTYPES = YES;
				CLANG_WARN_SUSPICIOUS_MOVE = YES;
				CLANG_WARN_UNREACHABLE_CODE = YES;
				CLANG_WARN__DUPLICATE_METHOD_MATCH = YES;
				CODEPUSH_KEY = "Uik7PrLzdxE-4jT2KGXWzWPj-bZlhyjgkv5aC";
				CODE_SIGN_IDENTITY = "iPhone Developer: Duncan Welch (2WLN2AA774)";
				"CODE_SIGN_IDENTITY[sdk=*]" = "iPhone Developer";
				CONFIGURATION_BUILD_DIR = "$(BUILD_DIR)/$(CONFIGURATION)$(EFFECTIVE_PLATFORM_NAME)";
				COPY_PHASE_STRIP = NO;
				ENABLE_STRICT_OBJC_MSGSEND = YES;
				ENABLE_TESTABILITY = YES;
				"EXCLUDED_ARCHS[sdk=iphonesimulator*]" = i386;
				GCC_C_LANGUAGE_STANDARD = gnu99;
				GCC_DYNAMIC_NO_PIC = NO;
				GCC_NO_COMMON_BLOCKS = YES;
				GCC_OPTIMIZATION_LEVEL = 0;
				GCC_PREPROCESSOR_DEFINITIONS = (
					"DEBUG=1",
					"$(inherited)",
				);
				GCC_SYMBOLS_PRIVATE_EXTERN = NO;
				GCC_WARN_64_TO_32_BIT_CONVERSION = YES;
				GCC_WARN_ABOUT_RETURN_TYPE = YES_ERROR;
				GCC_WARN_UNDECLARED_SELECTOR = YES;
				GCC_WARN_UNINITIALIZED_AUTOS = YES_AGGRESSIVE;
				GCC_WARN_UNUSED_FUNCTION = YES;
				GCC_WARN_UNUSED_VARIABLE = YES;
				"HEADER_SEARCH_PATHS[arch=*]" = "$(SRCROOT)/../node_modules/react-native-firebase/ios/RNFirebase\n";
				IPHONEOS_DEPLOYMENT_TARGET = 11.3;
				MTL_ENABLE_DEBUG_INFO = YES;
				ONLY_ACTIVE_ARCH = YES;
				OTHER_CFLAGS = "$(inherited)";
				OTHER_CPLUSPLUSFLAGS = "$(inherited)";
				PRODUCT_NAME = OpinerDebug;
				REACT_NATIVE_PATH = "${PODS_ROOT}/../../node_modules/react-native";
				SDKROOT = iphoneos;
			};
			name = Debug;
		};
		83CBBA211A601CBA00E9B192 /* Release */ = {
			isa = XCBuildConfiguration;
			buildSettings = {
				ALWAYS_SEARCH_USER_PATHS = NO;
				CLANG_CXX_LANGUAGE_STANDARD = "c++17";
				CLANG_CXX_LIBRARY = "libc++";
				CLANG_ENABLE_MODULES = YES;
				CLANG_ENABLE_OBJC_ARC = YES;
				CLANG_WARN_BLOCK_CAPTURE_AUTORELEASING = YES;
				CLANG_WARN_BOOL_CONVERSION = YES;
				CLANG_WARN_COMMA = YES;
				CLANG_WARN_CONSTANT_CONVERSION = YES;
				CLANG_WARN_DEPRECATED_OBJC_IMPLEMENTATIONS = YES;
				CLANG_WARN_DIRECT_OBJC_ISA_USAGE = YES_ERROR;
				CLANG_WARN_EMPTY_BODY = YES;
				CLANG_WARN_ENUM_CONVERSION = YES;
				CLANG_WARN_INFINITE_RECURSION = YES;
				CLANG_WARN_INT_CONVERSION = YES;
				CLANG_WARN_NON_LITERAL_NULL_CONVERSION = YES;
				CLANG_WARN_OBJC_IMPLICIT_RETAIN_SELF = YES;
				CLANG_WARN_OBJC_LITERAL_CONVERSION = YES;
				CLANG_WARN_OBJC_ROOT_CLASS = YES_ERROR;
				CLANG_WARN_RANGE_LOOP_ANALYSIS = YES;
				CLANG_WARN_STRICT_PROTOTYPES = YES;
				CLANG_WARN_SUSPICIOUS_MOVE = YES;
				CLANG_WARN_UNREACHABLE_CODE = YES;
				CLANG_WARN__DUPLICATE_METHOD_MATCH = YES;
				CODEPUSH_KEY = 8Czx35IPjOZCzlqw_kjtN_TAcMfP30mCMVOP9;
				CODE_SIGN_IDENTITY = "iPhone Developer: Duncan Welch (2WLN2AA774)";
				"CODE_SIGN_IDENTITY[sdk=iphoneos*]" = "iPhone Developer";
				CONFIGURATION_BUILD_DIR = "$(BUILD_DIR)/$(CONFIGURATION)$(EFFECTIVE_PLATFORM_NAME)";
				COPY_PHASE_STRIP = YES;
				ENABLE_NS_ASSERTIONS = NO;
				ENABLE_STRICT_OBJC_MSGSEND = YES;
				"EXCLUDED_ARCHS[sdk=iphonesimulator*]" = i386;
				GCC_C_LANGUAGE_STANDARD = gnu99;
				GCC_NO_COMMON_BLOCKS = YES;
				GCC_WARN_64_TO_32_BIT_CONVERSION = YES;
				GCC_WARN_ABOUT_RETURN_TYPE = YES_ERROR;
				GCC_WARN_UNDECLARED_SELECTOR = YES;
				GCC_WARN_UNINITIALIZED_AUTOS = YES_AGGRESSIVE;
				GCC_WARN_UNUSED_FUNCTION = YES;
				GCC_WARN_UNUSED_VARIABLE = YES;
				"HEADER_SEARCH_PATHS[arch=*]" = "$(SRCROOT)/../node_modules/react-native-firebase/ios/RNFirebase\n";
				IPHONEOS_DEPLOYMENT_TARGET = 11.3;
				MTL_ENABLE_DEBUG_INFO = NO;
				OTHER_CFLAGS = "$(inherited)";
				OTHER_CPLUSPLUSFLAGS = "$(inherited)";
				PRODUCT_NAME = Opiner;
				REACT_NATIVE_PATH = "${PODS_ROOT}/../../node_modules/react-native";
				SDKROOT = iphoneos;
				VALIDATE_PRODUCT = YES;
			};
			name = Release;
		};
/* End XCBuildConfiguration section */

/* Begin XCConfigurationList section */
		13B07F931A680F5B00A75B9A /* Build configuration list for PBXNativeTarget "Opiner" */ = {
			isa = XCConfigurationList;
			buildConfigurations = (
				13B07F941A680F5B00A75B9A /* Debug */,
				13B07F951A680F5B00A75B9A /* Release */,
				1FBB94E224B855E500A3AA76 /* Staging */,
				47129A89248933A1004441DD /* Beta */,
			);
			defaultConfigurationIsVisible = 0;
			defaultConfigurationName = Debug;
		};
		83CBB9FA1A601CBA00E9B192 /* Build configuration list for PBXProject "Opiner" */ = {
			isa = XCConfigurationList;
			buildConfigurations = (
				83CBBA201A601CBA00E9B192 /* Debug */,
				83CBBA211A601CBA00E9B192 /* Release */,
				1FBB94E124B855E500A3AA76 /* Staging */,
				47129A88248933A1004441DD /* Beta */,
			);
			defaultConfigurationIsVisible = 0;
			defaultConfigurationName = Debug;
		};
/* End XCConfigurationList section */
	};
	rootObject = 83CBB9F71A601CBA00E9B192 /* Project object */;
}
